# This file is autogenerated and supposed to be committed to the git repository.
# Changing this file is not recommended and will likely break the build.
# Run `./gradlew --write-locks` to regenerate.
_libgcc_mutex=0.1=main @ linux-64
_openmp_mutex=5.1=1_gnu @ linux-64
aioitertools=0.13.0=pyhd8ed1ab_0 @ noarch
annotated-types=0.7.0=pyhd8ed1ab_1 @ noarch
anyio=4.13.0=pyhcf101f3_0 @ noarch
attrs=26.1.0=pyhcf101f3_0 @ noarch
backports.zstd=1.3.0=py312h90b7ffd_0 @ linux-64
brotli-python=1.2.0=py312hdb49522_1 @ linux-64
bzip2=1.0.8=hda65f42_9 @ linux-64
ca-certificates=2026.2.25=hbd8a1cb_0 @ noarch
certifi=2026.2.25=pyhd8ed1ab_0 @ noarch
charset-normalizer=3.4.7=pyhd8ed1ab_0 @ noarch
ciso8601=2.3.3=py312h5253ce2_1 @ linux-64
colorama=0.4.6=pyhd8ed1ab_1 @ noarch
conjure-python-client=3.3.0=pyhd8ed1ab_0 @ noarch
deprecated=1.3.1=pyhd8ed1ab_1 @ noarch
exceptiongroup=1.3.1=pyhd8ed1ab_0 @ noarch
execnet=2.1.2=pyhd8ed1ab_0 @ noarch
external-systems=0.109.0=pyhd8ed1ab_0 @ noarch
foundry-platform-sdk=1.80.0=pyhd8ed1ab_0 @ noarch
foundry-sdk-runtime=2.195.0=py_0 @ noarch
frozendict=2.4.7=py312h4c3975b_0 @ linux-64
functions-python-api=0.661.0=py_0 @ noarch
functions-python-sources=0.661.0=py_0 @ noarch
h11=0.16.0=pyhcf101f3_1 @ noarch
h2=4.3.0=pyhcf101f3_0 @ noarch
hpack=4.1.0=pyhd8ed1ab_0 @ noarch
httpcore=1.0.9=pyh29332c3_0 @ noarch
httpx=0.28.1=pyhd8ed1ab_0 @ noarch
hyperframe=6.1.0=pyhd8ed1ab_0 @ noarch
icu=78.3=h33c6efd_0 @ linux-64
idna=3.11=pyhd8ed1ab_0 @ noarch
importlib-metadata=8.7.0=pyhe01879c_1 @ noarch
iniconfig=2.3.0=pyhd8ed1ab_0 @ noarch
json-stream-rs-tokenizer=0.5.1=py312hd04cf1f_0 @ linux-64
json_stream=2.5.0=pyhd8ed1ab_0 @ noarch
ld_impl_linux-64=2.45.1=default_hbd61a6d_102 @ linux-64
libexpat=2.7.5=hecca717_0 @ linux-64
libffi=3.5.2=h9ec8514_0 @ linux-64
libgcc-ng=15.2.0=h69a702a_18 @ linux-64
libgcc=15.2.0=he0feb66_18 @ linux-64
libgomp=15.2.0=he0feb66_18 @ linux-64
liblzma=5.8.3=hb03c661_0 @ linux-64
libnsl=2.0.1=hb9d3cd8_1 @ linux-64
libsqlite=3.53.0=hf4e2dac_0 @ linux-64
libstdcxx=15.2.0=h934c35e_18 @ linux-64
libuuid=2.42=h5347b49_0 @ linux-64
libxcrypt=4.4.36=hd590300_1 @ linux-64
libzlib=1.3.2=h25fd6f3_2 @ linux-64
ncurses=6.5=h2d0b736_3 @ linux-64
openssl=3.6.2=h35e630c_0 @ linux-64
opentelemetry-api=1.41.0=pyhd8ed1ab_0 @ noarch
opentelemetry-instrumentation-httpx=0.62b0=pyhd8ed1ab_0 @ noarch
opentelemetry-instrumentation-threading=0.62b0=pyhd8ed1ab_0 @ noarch
opentelemetry-instrumentation=0.62b0=pyhd8ed1ab_0 @ noarch
opentelemetry-sdk=1.41.0=pyhd8ed1ab_0 @ noarch
opentelemetry-semantic-conventions=0.62b0=pyhd8ed1ab_0 @ noarch
opentelemetry-util-http=0.62b0=pyhd8ed1ab_0 @ noarch
packaging=26.0=pyhcf101f3_0 @ noarch
pip=26.0.1=pyh8b19718_0 @ noarch
pluggy=1.6.0=pyhf9edf01_1 @ noarch
psutil=7.2.2=py312h5253ce2_0 @ linux-64
py=1.11.0=pyhd8ed1ab_1 @ noarch
pydantic-core=2.46.0=py312h868fb18_0 @ linux-64
pydantic=2.13.0=pyhcf101f3_0 @ noarch
pysocks=1.7.1=pyha55dd90_7 @ noarch
pytest-forked=1.6.0=pyhd8ed1ab_1 @ noarch
pytest-html=1.22.0=py_0 @ noarch
pytest-metadata=2.0.4=pyhd8ed1ab_0 @ noarch
pytest-xdist=2.0.0=py_0 @ noarch
pytest=7.2.1=pyhd8ed1ab_0 @ noarch
python-dateutil=2.9.0.post0=pyhe01879c_2 @ noarch
python=3.12.13=hd63d673_0_cpython @ linux-64
python_abi=3.12=8_cp312 @ noarch
pyyaml=6.0.3=py312h8a5da7c_1 @ linux-64
readline=8.3=h853b02a_0 @ linux-64
requests=2.33.1=pyhcf101f3_0 @ noarch
retrying=1.4.2=pyhe01879c_0 @ noarch
setuptools=79.0.1=pyhff2d567_0 @ noarch
six=1.17.0=pyhe01879c_1 @ noarch
sniffio=1.3.1=pyhd8ed1ab_2 @ noarch
tk=8.6.13=noxft_ha0e22de_103 @ linux-64
tomli=2.4.1=pyhcf101f3_0 @ noarch
types-python-dateutil=2.9.0.20260408=pyhcf101f3_0 @ noarch
typing-extensions=4.15.0=h396c80c_0 @ noarch
typing-inspection=0.4.2=pyhd8ed1ab_1 @ noarch
typing_extensions=4.15.0=pyhcf101f3_0 @ noarch
tzdata=2025c=hc9c84f9_1 @ noarch
urllib3=2.6.3=pyhd8ed1ab_0 @ noarch
wheel=0.46.3=pyhd8ed1ab_0 @ noarch
wrapt=1.17.3=py312h4c3975b_1 @ linux-64
yaml=0.2.5=h280c20c_3 @ linux-64
zipp=3.23.1=pyhcf101f3_0 @ noarch
zstd=1.5.7=hb78ec9c_6 @ linux-64

[Conda lock version]
v2 - 5782ada5097683288b1a9cec0a541c17c9f451c3b4bae4ff89f80b3c01a06e6b
