# THIS IS AN AUTOGENERATED FILE. DO NOT EDIT THIS FILE DIRECTLY.
# ALWAYS COMMIT THIS FILE TO GIT.
# Records the exact versions and metadata of all packages installed to ensure reproducible environments.

[conda]
aioitertools=0.13.0=pyhd8ed1ab_0 @ 29701cdd
annotated-types=0.7.0=pyhd8ed1ab_1 @ 29701cdd
anyio=4.13.0=pyhcf101f3_0 @ 29701cdd
backports.zstd=1.3.0=py311h71c1bcc_0 @ 283b18ae
brotli-python=1.2.0=py311hc5da9e4_1 @ 283b18ae
bzip2=1.0.8=h0ad9c76_9 @ 283b18ae
ca-certificates=2026.2.25=h4c7d964_0 @ 2cda1526
certifi=2026.2.25=pyhd8ed1ab_0 @ 29701cdd
charset-normalizer=3.4.7=pyhd8ed1ab_0 @ 29701cdd
ciso8601=2.3.3=py311hf893f09_1 @ 283b18ae
conjure-python-client=3.3.0=pyhd8ed1ab_0 @ 931c1ab2
deprecated=1.3.1=pyhd8ed1ab_1 @ 29701cdd
exceptiongroup=1.3.1=pyhd8ed1ab_0 @ 29701cdd
external-systems=0.109.0=pyhd8ed1ab_0 @ 29701cdd
foundry-platform-sdk=1.80.0=pyhd8ed1ab_0 @ 931c1ab2
foundry-sdk-runtime=2.195.0=py_0 @ 627619cc
frozendict=2.4.7=py311h3485c13_0 @ 8c491a1c
functions-python-api=0.661.0=py_0 @ 60911d5b
functions-python-sources=0.661.0=py_0 @ 60911d5b
h11=0.16.0=pyhcf101f3_1 @ 29701cdd
h2=4.3.0=pyhcf101f3_0 @ 29701cdd
hpack=4.1.0=pyhd8ed1ab_0 @ 29701cdd
httpcore=1.0.9=pyh29332c3_0 @ 29701cdd
httpx=0.28.1=pyhd8ed1ab_0 @ 29701cdd
hyperframe=6.1.0=pyhd8ed1ab_0 @ 29701cdd
idna=3.11=pyhd8ed1ab_0 @ 29701cdd
importlib-metadata=8.7.0=pyhe01879c_1 @ 29701cdd
json-stream-rs-tokenizer=0.5.1=py311h9468d6e_0 @ 283b18ae
json_stream=2.5.0=pyhd8ed1ab_0 @ 29701cdd
libexpat=2.7.5=hac47afa_0 @ 283b18ae
libffi=3.5.2=h3d046cb_0 @ 283b18ae
liblzma=5.8.3=hfd05255_0 @ 8c491a1c
libsqlite=3.53.0=hf5d6505_0 @ 8c491a1c
libzlib=1.3.2=hfd05255_2 @ 283b18ae
openssl=3.6.2=hf411b9b_0 @ 283b18ae
opentelemetry-api=1.41.0=pyhd8ed1ab_0 @ 931c1ab2
opentelemetry-instrumentation=0.62b0=pyhd8ed1ab_0 @ 931c1ab2
opentelemetry-instrumentation-httpx=0.62b0=pyhd8ed1ab_0 @ 931c1ab2
opentelemetry-instrumentation-threading=0.62b0=pyhd8ed1ab_0 @ 931c1ab2
opentelemetry-sdk=1.41.0=pyhd8ed1ab_0 @ 931c1ab2
opentelemetry-semantic-conventions=0.62b0=pyhd8ed1ab_0 @ 931c1ab2
opentelemetry-util-http=0.62b0=pyhd8ed1ab_0 @ 931c1ab2
packaging=26.0=pyhcf101f3_0 @ 29701cdd
pip=26.0.1=pyh8b19718_0 @ 29701cdd
pydantic=2.13.0=pyhcf101f3_0 @ 931c1ab2
pydantic-core=2.46.0=py311hf51aa87_0 @ 8c491a1c
pysocks=1.7.1=pyh09c184e_7 @ 2cda1526
python=3.11.15=h0159041_0_cpython @ 283b18ae
python-dateutil=2.9.0.post0=pyhe01879c_2 @ 29701cdd
python_abi=3.11=8_cp311 @ 29701cdd
pyyaml=6.0.3=py311h3f79411_1 @ 29f41490
requests=2.33.1=pyhcf101f3_0 @ 29701cdd
retrying=1.4.2=pyhe01879c_0 @ 29701cdd
setuptools=79.0.1=pyhff2d567_0 @ 29701cdd
six=1.17.0=pyhe01879c_1 @ 29701cdd
sniffio=1.3.1=pyhd8ed1ab_2 @ 29701cdd
tk=8.6.13=h6ed50ae_3 @ 283b18ae
types-python-dateutil=2.9.0.20260408=pyhcf101f3_0 @ 29701cdd
typing-extensions=4.15.0=h396c80c_0 @ 29701cdd
typing-inspection=0.4.2=pyhd8ed1ab_1 @ 29701cdd
typing_extensions=4.15.0=pyhcf101f3_0 @ 29701cdd
tzdata=2025c=hc9c84f9_1 @ 29701cdd
ucrt=10.0.26100.0=h57928b3_0 @ 283b18ae
urllib3=2.6.3=pyhd8ed1ab_0 @ 29701cdd
vc=14.3=h41ae7f8_34 @ 283b18ae
vc14_runtime=14.44.35208=h818238b_34 @ 283b18ae
vcomp14=14.44.35208=h818238b_34 @ 283b18ae
wheel=0.46.3=pyhd8ed1ab_0 @ 29701cdd
win_inet_pton=1.1.0=pyh7428d3b_8 @ 2cda1526
wrapt=1.17.3=py311h3485c13_1 @ 29f41490
yaml=0.2.5=h6a83c73_3 @ 29f41490
zipp=3.23.1=pyhcf101f3_0 @ 931c1ab2
zstd=1.5.7=h534d264_6 @ 283b18ae

[pip]

[conda-metadata]
283b18ae - win-64 @ conda @ ri.foundry-sdk-asset-bundle.main.artifacts.repository
29701cdd - noarch @ conda @ ri.functions-python-api-asset-bundle.main.artifacts.repository
29f41490 - win-64 @ conda @ ri.transforms.python.artifacts.repository
2cda1526 - noarch @ conda @ ri.transforms.python.artifacts.repository
60911d5b - noarch @ tar.bz2 @ ri.functions-python-api-asset-bundle.main.artifacts.repository
627619cc - noarch @ tar.bz2 @ ri.python-osdk-asset-bundle.main.artifacts.repository
8c491a1c - win-64 @ conda @ ri.artifacts.repository.artifactory.external-conda-forge
931c1ab2 - noarch @ conda @ ri.artifacts.repository.artifactory.external-conda-forge

[pip-indices]
ri.foundry-sdk-asset-bundle.main.artifacts.repository
ri.functions-python-api-asset-bundle.main.artifacts.repository
ri.python-osdk-asset-bundle.main.artifacts.repository
ri.stemma.main.repository.ff6901c5-15b6-42b6-9fb8-5c09effa2706

[cran-repos]
ri.stemma.main.repository.ff6901c5-15b6-42b6-9fb8-5c09effa2706

[conda lock version]
v3 - 7a25bda1f46fb8e357f504b5d76e3f4d00870baf944e68188e3b73bf866fc9eb
